{
  "name": "node-red-contrib-odbc",
  "version": "1.0.0",
  "lockfileVersion": 1,
  "requires": true,
  "dependencies": {
    "async": {
      "version": "3.1.0",
      "resolved": "https://registry.npmjs.org/async/-/async-3.1.0.tgz",
      "integrity": "sha512-4vx/aaY6j/j3Lw3fbCHNWP0pPaTCew3F6F3hYyl/tHs/ndmV1q7NW9T5yuJ2XAGwdQrP+6Wu20x06U4APo/iQQ=="
    },
    "mustache": {
      "version": "3.0.1",
      "resolved": "https://registry.npmjs.org/mustache/-/mustache-3.0.1.tgz",
      "integrity": "sha512-jFI/4UVRsRYdUbuDTKT7KzfOp7FiD5WzYmmwNwXyUVypC0xjoTL78Fqc0jHUPIvvGD+6DQSPHIt1NE7D1ArsqA=="
    },
    "node-addon-api": {
      "version": "1.6.3",
      "resolved": "https://registry.npmjs.org/node-addon-api/-/node-addon-api-1.6.3.tgz",
      "integrity": "sha512-FXWH6mqjWgU8ewuahp4spec8LkroFZK2NicOv6bNwZC3kcwZUI8LeZdG80UzTSLLhK4T7MsgNwlYDVRlDdfTDg=="
    },
    "odbc": {
      "version": "2.0.0-4",
      "resolved": "https://registry.npmjs.org/odbc/-/odbc-2.0.0-4.tgz",
      "integrity": "sha512-b3Br1D/Mqw2CPxhtqnZ5nVaZVFhwZOQp1yvLJZ8ZNha5lobVHMzw/Tb40pxca/SE9g+62S+Ahp4UA0zf0rJ77Q==",
      "requires": {
        "async": "^3.0.1",
        "node-addon-api": "^1.3.0"
      }
    }
  }
}
